--- 
dependencies: 
  faker: 
    group: 
    - :test
    version: = 0.3.1
  brianjlandau-acts_as_archive: 
    group: 
    - :default
    version: ">= 0"
  ruby-debug: 
    group: 
    - :test
    version: ">= 0"
  phocus: 
    group: 
    - :test
    version: ">= 0"
  httparty: 
    group: 
    - :default
    version: = 0.5.2
  rails: 
    group: 
    - :default
    version: = 2.3.10
  bossman: 
    group: 
    - :default
    version: ">= 0"
  mysql: 
    group: 
    - :default
    version: ">= 0"
  searchlogic: 
    group: 
    - :default
    version: ">= 0"
  jferris-mocha: 
    group: 
    - :test
    version: ">= 0"
    require: []

  shoulda: 
    group: 
    - :test
    version: = 2.10.3
  machinist: 
    group: 
    - :test
    version: ">= 0"
  whenever: 
    group: 
    - :default
    version: ">= 0"
  truncate_html: 
    group: 
    - :default
    version: ">= 0"
  rack-rewrite: 
    group: 
    - :default
    version: ~> 0.2.0
  geokit: 
    group: 
    - :default
    version: ">= 0"
  paperclip: 
    group: 
    - :default
    version: ">= 0"
  activerecord-tableless: 
    group: 
    - :default
    version: ">= 0"
    require: 
    - tableless
  will_paginate: 
    group: 
    - :default
    version: ">= 0"
  jammit: 
    group: 
    - :default
    version: ">= 0"
  erubis: 
    group: 
    - :default
    version: ">= 0"
  friendly_id: 
    group: 
    - :default
    version: ~> 2.3
  rcov: 
    group: 
    - :default
    version: ">= 0"
  capistrano-ext: 
    group: 
    - :default
    version: ">= 0"
  rack-test: 
    group: 
    - :test
    version: ">= 0"
    require: 
    - rack/test
  hoptoad_notifier: 
    group: 
    - :default
    version: ">= 0"
  fleakr: 
    group: 
    - :default
    version: ">= 0"
  webmock: 
    group: 
    - :test
    version: ">= 0"
  capistrano: 
    group: 
    - :default
    version: ">= 0"
  nokogiri: 
    group: 
    - :default
    version: ">= 0"
specs: 
- rake: 
    version: 0.8.7
- aaronh-chronic: 
    version: 0.3.9
- abstract: 
    version: 1.0.0
- activesupport: 
    version: 2.3.10
- rack: 
    version: 1.1.0
- actionpack: 
    version: 2.3.10
- actionmailer: 
    version: 2.3.10
- activerecord: 
    version: 2.3.10
- activerecord-tableless: 
    version: 0.1.0
- activeresource: 
    version: 2.3.10
- addressable: 
    version: 2.2.2
- bossman: 
    version: 0.4.1
- require: 
    version: 0.2.7
- brianjlandau-acts_as_archive: 
    version: 0.2.8
- builder: 
    version: 3.0.0
- highline: 
    version: 1.6.1
- net-ssh: 
    version: 2.0.23
- net-scp: 
    version: 1.0.4
- net-sftp: 
    version: 2.0.5
- net-ssh-gateway: 
    version: 1.0.1
- capistrano: 
    version: 2.5.19
- capistrano-ext: 
    version: 1.2.1
- closure-compiler: 
    version: 0.3.3
- columnize: 
    version: 0.3.2
- crack: 
    version: 0.1.6
- erubis: 
    version: 2.6.6
- faker: 
    version: 0.3.1
- hpricot: 
    version: 0.8.3
- loggable: 
    version: 0.3.0
- fleakr: 
    version: 0.6.3
- friendly_id: 
    version: 2.3.4
- geokit: 
    version: 1.5.0
- hoptoad_notifier: 
    version: 2.3.12
- httparty: 
    version: 0.5.2
- yui-compressor: 
    version: 0.9.1
- jammit: 
    version: 0.5.4
- jferris-mocha: 
    version: 0.9.8.20100526112143
- linecache: 
    version: "0.43"
- machinist: 
    version: 1.0.6
- mysql: 
    version: 2.8.1
- nokogiri: 
    version: 1.4.4
- paperclip: 
    version: 2.3.8
- phocus: 
    version: "1.1"
- rack-rewrite: 
    version: 0.2.1
- rack-test: 
    version: 0.5.6
- rails: 
    version: 2.3.10
- rcov: 
    version: 0.9.9
- ruby-debug-base: 
    version: 0.10.4
- ruby-debug: 
    version: 0.10.4
- searchlogic: 
    version: 2.4.27
- shoulda: 
    version: 2.10.3
- truncate_html: 
    version: 0.4.0
- webmock: 
    version: 1.2.2
- whenever: 
    version: 0.6.2
- will_paginate: 
    version: 2.3.15
hash: 58b0f969d859bc5bee1244624bdbe900f0dfb37b
sources: 
- Rubygems: 
    uri: http://rubygems.org
